
Microsoft Visual Studio Solution File, Format Version 12.00
# Visual Studio Version 17
VisualStudioVersion = 17.14.36804.6 d17.14
MinimumVisualStudioVersion = 10.0.40219.1
Project("{FAE04EC0-301F-11D3-BF4B-00C04F79EFBC}") = "WebAppPOS", "WebAppPOS\WebAppPOS.csproj", "{777B46BA-D9CC-44FB-B640-5666281D8000}"
EndProject
Global
	GlobalSection(SolutionConfigurationPlatforms) = preSolution
		Debug|Any CPU = Debug|Any CPU
		Release|Any CPU = Release|Any CPU
	EndGlobalSection
	GlobalSection(ProjectConfigurationPlatforms) = postSolution
		{777B46BA-D9CC-44FB-B640-5666281D8000}.Debug|Any CPU.ActiveCfg = Debug|Any CPU
		{777B46BA-D9CC-44FB-B640-5666281D8000}.Debug|Any CPU.Build.0 = Debug|Any CPU
		{777B46BA-D9CC-44FB-B640-5666281D8000}.Release|Any CPU.ActiveCfg = Release|Any CPU
		{777B46BA-D9CC-44FB-B640-5666281D8000}.Release|Any CPU.Build.0 = Release|Any CPU
	EndGlobalSection
	GlobalSection(SolutionProperties) = preSolution
		HideSolutionNode = FALSE
	EndGlobalSection
	GlobalSection(ExtensibilityGlobals) = postSolution
		SolutionGuid = {D5CBB5E0-C380-4A09-9F75-78A09CE3C215}
	EndGlobalSection
EndGlobal
